{
  "object": {
    "pins": [
      {
        "package": "DataStructures",
        "repositoryURL": "https://github.com/Henryforce/DataStructures",
        "state": {
          "branch": null,
          "revision": "c22ae889e3e5f5c8ea25ed43a742a756265a4244",
          "version": "0.1.0"
        }
      }
    ]
  },
  "version": 1
}
